
Microsoft Visual Studio Solution File, Format Version 12.00
# Visual Studio Version 16
VisualStudioVersion = 16.0.31229.75
MinimumVisualStudioVersion = 10.0.40219.1
Project("{FAE04EC0-301F-11D3-BF4B-00C04F79EFBC}") = "DynamicDataChart", "DynamicDataChart\DynamicDataChart.csproj", "{FCB6D08D-95F2-4EF9-B8FE-DCC87037FE80}"
EndProject
Project("{FAE04EC0-301F-11D3-BF4B-00C04F79EFBC}") = "DynamicScatter", "DynamicScatter\DynamicScatter.csproj", "{A9C0C1E0-FD68-4682-8503-F488C499F240}"
EndProject
Global
	GlobalSection(SolutionConfigurationPlatforms) = preSolution
		Debug|Any CPU = Debug|Any CPU
		Release|Any CPU = Release|Any CPU
	EndGlobalSection
	GlobalSection(ProjectConfigurationPlatforms) = postSolution
		{FCB6D08D-95F2-4EF9-B8FE-DCC87037FE80}.Debug|Any CPU.ActiveCfg = Debug|Any CPU
		{FCB6D08D-95F2-4EF9-B8FE-DCC87037FE80}.Debug|Any CPU.Build.0 = Debug|Any CPU
		{FCB6D08D-95F2-4EF9-B8FE-DCC87037FE80}.Release|Any CPU.ActiveCfg = Release|Any CPU
		{FCB6D08D-95F2-4EF9-B8FE-DCC87037FE80}.Release|Any CPU.Build.0 = Release|Any CPU
		{A9C0C1E0-FD68-4682-8503-F488C499F240}.Debug|Any CPU.ActiveCfg = Debug|Any CPU
		{A9C0C1E0-FD68-4682-8503-F488C499F240}.Debug|Any CPU.Build.0 = Debug|Any CPU
		{A9C0C1E0-FD68-4682-8503-F488C499F240}.Release|Any CPU.ActiveCfg = Release|Any CPU
		{A9C0C1E0-FD68-4682-8503-F488C499F240}.Release|Any CPU.Build.0 = Release|Any CPU
	EndGlobalSection
	GlobalSection(SolutionProperties) = preSolution
		HideSolutionNode = FALSE
	EndGlobalSection
	GlobalSection(ExtensibilityGlobals) = postSolution
		SolutionGuid = {C6F18D01-004F-45E5-9576-AA8FEA1EA64B}
	EndGlobalSection
EndGlobal
